// !$*UTF8*$!
{
	archiveVersion = 1;
	classes = {
	};
	objectVersion = 46;
	objects = {

/* Begin PBXBuildFile section */
		1C806066D10D881027947B14 /* Pods_365KEY_swift.framework in Frameworks */ = {isa = PBXBuildFile; fileRef = 1AAECD7F17064CBCF5CE8953 /* Pods_365KEY_swift.framework */; };
		1D0580DB1DBF552800D8A1DA /* SKSessionManage.swift in Sources */ = {isa = PBXBuildFile; fileRef = 1D0580DA1DBF552800D8A1DA /* SKSessionManage.swift */; };
		1D0580DD1DBF556400D8A1DA /* SKSessionManage+extension.swift in Sources */ = {isa = PBXBuildFile; fileRef = 1D0580DC1DBF556400D8A1DA /* SKSessionManage+extension.swift */; };
		1D2849C31DC6E3FB00C53E61 /* NSURLConnection+extension.swift in Sources */ = {isa = PBXBuildFile; fileRef = 1D2849C21DC6E3FB00C53E61 /* NSURLConnection+extension.swift */; };
		1D3F296C1DC8721A00C0F998 /* SKLoginController.swift in Sources */ = {isa = PBXBuildFile; fileRef = 1D3F296A1DC8721A00C0F998 /* SKLoginController.swift */; };
		1D3F296D1DC8721A00C0F998 /* SKLoginController.xib in Resources */ = {isa = PBXBuildFile; fileRef = 1D3F296B1DC8721A00C0F998 /* SKLoginController.xib */; };
		1D3F29701DC882E000C0F998 /* SKRegisterController.swift in Sources */ = {isa = PBXBuildFile; fileRef = 1D3F296E1DC882E000C0F998 /* SKRegisterController.swift */; };
		1D3F29711DC882E000C0F998 /* SKRegisterController.xib in Resources */ = {isa = PBXBuildFile; fileRef = 1D3F296F1DC882E000C0F998 /* SKRegisterController.xib */; };
		1D3F29741DC8927500C0F998 /* SKForgotPasswordController.swift in Sources */ = {isa = PBXBuildFile; fileRef = 1D3F29721DC8927500C0F998 /* SKForgotPasswordController.swift */; };
		1D3F29751DC8927500C0F998 /* SKForgotPasswordController.xib in Resources */ = {isa = PBXBuildFile; fileRef = 1D3F29731DC8927500C0F998 /* SKForgotPasswordController.xib */; };
		1D63CF931DBEF3CF00955DDF /* SKProduceController.swift in Sources */ = {isa = PBXBuildFile; fileRef = 1D63CF911DBEF3CF00955DDF /* SKProduceController.swift */; };
		1D63CF951DBEF3F400955DDF /* SKProduceSearchView.swift in Sources */ = {isa = PBXBuildFile; fileRef = 1D63CF941DBEF3F400955DDF /* SKProduceSearchView.swift */; };
		1D65E2551DB8716300C39F4C /* Assets.xcassets in Resources */ = {isa = PBXBuildFile; fileRef = 1D65E2541DB8716300C39F4C /* Assets.xcassets */; };
		1D65E2581DB8716300C39F4C /* LaunchScreen.storyboard in Resources */ = {isa = PBXBuildFile; fileRef = 1D65E2561DB8716300C39F4C /* LaunchScreen.storyboard */; };
		1DBABE351DBDF80F00745C5D /* AppDelegate.swift in Sources */ = {isa = PBXBuildFile; fileRef = 1DBABE341DBDF80F00745C5D /* AppDelegate.swift */; };
		1DBABE371DBDFBEC00745C5D /* Bundle+extension.swift in Sources */ = {isa = PBXBuildFile; fileRef = 1DBABE361DBDFBEC00745C5D /* Bundle+extension.swift */; };
		1DBABE391DBDFE5000745C5D /* SKNavigationController.swift in Sources */ = {isa = PBXBuildFile; fileRef = 1DBABE381DBDFE5000745C5D /* SKNavigationController.swift */; };
		1DBABE3B1DBE00A000745C5D /* SKUserController.swift in Sources */ = {isa = PBXBuildFile; fileRef = 1DBABE3A1DBE00A000745C5D /* SKUserController.swift */; };
		1DBABE3F1DBE0D5700745C5D /* UIBarButtonItem+extension.swift in Sources */ = {isa = PBXBuildFile; fileRef = 1DBABE3E1DBE0D5700745C5D /* UIBarButtonItem+extension.swift */; };
		1DBABE411DBE0EA900745C5D /* UIButton+extension.swift in Sources */ = {isa = PBXBuildFile; fileRef = 1DBABE401DBE0EA900745C5D /* UIButton+extension.swift */; };
		1DED7DCF1DB89D61003E65E3 /* SKTabBarController.swift in Sources */ = {isa = PBXBuildFile; fileRef = 1DED7DCE1DB89D61003E65E3 /* SKTabBarController.swift */; };
		1DED7DD61DB89FAE003E65E3 /* SKNewsController.swift in Sources */ = {isa = PBXBuildFile; fileRef = 1DED7DD51DB89FAE003E65E3 /* SKNewsController.swift */; };
		1DED7DDB1DB8A070003E65E3 /* SKLunchImageViewController.swift in Sources */ = {isa = PBXBuildFile; fileRef = 1DED7DDA1DB8A070003E65E3 /* SKLunchImageViewController.swift */; };
		1DED7DDE1DB8A562003E65E3 /* UIScreen+extension.swift in Sources */ = {isa = PBXBuildFile; fileRef = 1DED7DDD1DB8A562003E65E3 /* UIScreen+extension.swift */; };
		1DED7DE11DB8B786003E65E3 /* SKNewFeatureController.swift in Sources */ = {isa = PBXBuildFile; fileRef = 1DED7DE01DB8B786003E65E3 /* SKNewFeatureController.swift */; };
		1DED7DE31DB8C03D003E65E3 /* UIColor+extension.swift in Sources */ = {isa = PBXBuildFile; fileRef = 1DED7DE21DB8C03D003E65E3 /* UIColor+extension.swift */; };
		1DED7DE51DB8C928003E65E3 /* UIView+extension.swift in Sources */ = {isa = PBXBuildFile; fileRef = 1DED7DE41DB8C928003E65E3 /* UIView+extension.swift */; };
		1DEF23111DC0A6420063968B /* SKProductListModel.swift in Sources */ = {isa = PBXBuildFile; fileRef = 1DEF230F1DC0A6420063968B /* SKProductListModel.swift */; };
		1DEF23121DC0A6420063968B /* SKProductUserModel.swift in Sources */ = {isa = PBXBuildFile; fileRef = 1DEF23101DC0A6420063968B /* SKProductUserModel.swift */; };
		1DEF23151DC1A5E80063968B /* SKProductViewModel.swift in Sources */ = {isa = PBXBuildFile; fileRef = 1DEF23141DC1A5E80063968B /* SKProductViewModel.swift */; };
		1DEF23181DC1E8990063968B /* SKProdectCell.swift in Sources */ = {isa = PBXBuildFile; fileRef = 1DEF23161DC1E8990063968B /* SKProdectCell.swift */; };
		1DEF23191DC1E8990063968B /* SKProdectCell.xib in Resources */ = {isa = PBXBuildFile; fileRef = 1DEF23171DC1E8990063968B /* SKProdectCell.xib */; };
/* End PBXBuildFile section */

/* Begin PBXFileReference section */
		1AAECD7F17064CBCF5CE8953 /* Pods_365KEY_swift.framework */ = {isa = PBXFileReference; explicitFileType = wrapper.framework; includeInIndex = 0; path = Pods_365KEY_swift.framework; sourceTree = BUILT_PRODUCTS_DIR; };
		1D0580DA1DBF552800D8A1DA /* SKSessionManage.swift */ = {isa = PBXFileReference; fileEncoding = 4; lastKnownFileType = sourcecode.swift; path = SKSessionManage.swift; sourceTree = "<group>"; };
		1D0580DC1DBF556400D8A1DA /* SKSessionManage+extension.swift */ = {isa = PBXFileReference; fileEncoding = 4; lastKnownFileType = sourcecode.swift; path = "SKSessionManage+extension.swift"; sourceTree = "<group>"; };
		1D2849C21DC6E3FB00C53E61 /* NSURLConnection+extension.swift */ = {isa = PBXFileReference; fileEncoding = 4; lastKnownFileType = sourcecode.swift; path = "NSURLConnection+extension.swift"; sourceTree = "<group>"; };
		1D3F296A1DC8721A00C0F998 /* SKLoginController.swift */ = {isa = PBXFileReference; fileEncoding = 4; lastKnownFileType = sourcecode.swift; path = SKLoginController.swift; sourceTree = "<group>"; };
		1D3F296B1DC8721A00C0F998 /* SKLoginController.xib */ = {isa = PBXFileReference; fileEncoding = 4; lastKnownFileType = file.xib; path = SKLoginController.xib; sourceTree = "<group>"; };
		1D3F296E1DC882E000C0F998 /* SKRegisterController.swift */ = {isa = PBXFileReference; fileEncoding = 4; lastKnownFileType = sourcecode.swift; path = SKRegisterController.swift; sourceTree = "<group>"; };
		1D3F296F1DC882E000C0F998 /* SKRegisterController.xib */ = {isa = PBXFileReference; fileEncoding = 4; lastKnownFileType = file.xib; path = SKRegisterController.xib; sourceTree = "<group>"; };
		1D3F29721DC8927500C0F998 /* SKForgotPasswordController.swift */ = {isa = PBXFileReference; fileEncoding = 4; lastKnownFileType = sourcecode.swift; path = SKForgotPasswordController.swift; sourceTree = "<group>"; };
		1D3F29731DC8927500C0F998 /* SKForgotPasswordController.xib */ = {isa = PBXFileReference; fileEncoding = 4; lastKnownFileType = file.xib; path = SKForgotPasswordController.xib; sourceTree = "<group>"; };
		1D63CF911DBEF3CF00955DDF /* SKProduceController.swift */ = {isa = PBXFileReference; fileEncoding = 4; lastKnownFileType = sourcecode.swift; path = SKProduceController.swift; sourceTree = "<group>"; };
		1D63CF941DBEF3F400955DDF /* SKProduceSearchView.swift */ = {isa = PBXFileReference; fileEncoding = 4; lastKnownFileType = sourcecode.swift; path = SKProduceSearchView.swift; sourceTree = "<group>"; };
		1D65E24A1DB8716300C39F4C /* 365KEY_swift.app */ = {isa = PBXFileReference; explicitFileType = wrapper.application; includeInIndex = 0; path = 365KEY_swift.app; sourceTree = BUILT_PRODUCTS_DIR; };
		1D65E2541DB8716300C39F4C /* Assets.xcassets */ = {isa = PBXFileReference; lastKnownFileType = folder.assetcatalog; path = Assets.xcassets; sourceTree = "<group>"; };
		1D65E2571DB8716300C39F4C /* Base */ = {isa = PBXFileReference; lastKnownFileType = file.storyboard; name = Base; path = Base.lproj/LaunchScreen.storyboard; sourceTree = "<group>"; };
		1D65E2591DB8716300C39F4C /* Info.plist */ = {isa = PBXFileReference; lastKnownFileType = text.plist.xml; path = Info.plist; sourceTree = "<group>"; };
		1DBABE341DBDF80F00745C5D /* AppDelegate.swift */ = {isa = PBXFileReference; fileEncoding = 4; lastKnownFileType = sourcecode.swift; name = AppDelegate.swift; path = 365KEY_swift/AppDelegate.swift; sourceTree = SOURCE_ROOT; };
		1DBABE361DBDFBEC00745C5D /* Bundle+extension.swift */ = {isa = PBXFileReference; fileEncoding = 4; lastKnownFileType = sourcecode.swift; path = "Bundle+extension.swift"; sourceTree = "<group>"; };
		1DBABE381DBDFE5000745C5D /* SKNavigationController.swift */ = {isa = PBXFileReference; fileEncoding = 4; lastKnownFileType = sourcecode.swift; path = SKNavigationController.swift; sourceTree = "<group>"; };
		1DBABE3A1DBE00A000745C5D /* SKUserController.swift */ = {isa = PBXFileReference; fileEncoding = 4; lastKnownFileType = sourcecode.swift; path = SKUserController.swift; sourceTree = "<group>"; };
		1DBABE3E1DBE0D5700745C5D /* UIBarButtonItem+extension.swift */ = {isa = PBXFileReference; fileEncoding = 4; lastKnownFileType = sourcecode.swift; path = "UIBarButtonItem+extension.swift"; sourceTree = "<group>"; };
		1DBABE401DBE0EA900745C5D /* UIButton+extension.swift */ = {isa = PBXFileReference; fileEncoding = 4; lastKnownFileType = sourcecode.swift; path = "UIButton+extension.swift"; sourceTree = "<group>"; };
		1DED7DCE1DB89D61003E65E3 /* SKTabBarController.swift */ = {isa = PBXFileReference; fileEncoding = 4; lastKnownFileType = sourcecode.swift; path = SKTabBarController.swift; sourceTree = "<group>"; };
		1DED7DD51DB89FAE003E65E3 /* SKNewsController.swift */ = {isa = PBXFileReference; fileEncoding = 4; lastKnownFileType = sourcecode.swift; path = SKNewsController.swift; sourceTree = "<group>"; };
		1DED7DDA1DB8A070003E65E3 /* SKLunchImageViewController.swift */ = {isa = PBXFileReference; fileEncoding = 4; lastKnownFileType = sourcecode.swift; path = SKLunchImageViewController.swift; sourceTree = "<group>"; };
		1DED7DDD1DB8A562003E65E3 /* UIScreen+extension.swift */ = {isa = PBXFileReference; fileEncoding = 4; lastKnownFileType = sourcecode.swift; path = "UIScreen+extension.swift"; sourceTree = "<group>"; };
		1DED7DE01DB8B786003E65E3 /* SKNewFeatureController.swift */ = {isa = PBXFileReference; fileEncoding = 4; lastKnownFileType = sourcecode.swift; path = SKNewFeatureController.swift; sourceTree = "<group>"; };
		1DED7DE21DB8C03D003E65E3 /* UIColor+extension.swift */ = {isa = PBXFileReference; fileEncoding = 4; lastKnownFileType = sourcecode.swift; path = "UIColor+extension.swift"; sourceTree = "<group>"; };
		1DED7DE41DB8C928003E65E3 /* UIView+extension.swift */ = {isa = PBXFileReference; fileEncoding = 4; lastKnownFileType = sourcecode.swift; path = "UIView+extension.swift"; sourceTree = "<group>"; };
		1DEF230F1DC0A6420063968B /* SKProductListModel.swift */ = {isa = PBXFileReference; fileEncoding = 4; lastKnownFileType = sourcecode.swift; path = SKProductListModel.swift; sourceTree = "<group>"; };
		1DEF23101DC0A6420063968B /* SKProductUserModel.swift */ = {isa = PBXFileReference; fileEncoding = 4; lastKnownFileType = sourcecode.swift; path = SKProductUserModel.swift; sourceTree = "<group>"; };
		1DEF23141DC1A5E80063968B /* SKProductViewModel.swift */ = {isa = PBXFileReference; fileEncoding = 4; lastKnownFileType = sourcecode.swift; path = SKProductViewModel.swift; sourceTree = "<group>"; };
		1DEF23161DC1E8990063968B /* SKProdectCell.swift */ = {isa = PBXFileReference; fileEncoding = 4; lastKnownFileType = sourcecode.swift; path = SKProdectCell.swift; sourceTree = "<group>"; };
		1DEF23171DC1E8990063968B /* SKProdectCell.xib */ = {isa = PBXFileReference; fileEncoding = 4; lastKnownFileType = file.xib; path = SKProdectCell.xib; sourceTree = "<group>"; };
		782C16053B71CC14B077BDE0 /* Pods-365KEY_swift.release.xcconfig */ = {isa = PBXFileReference; includeInIndex = 1; lastKnownFileType = text.xcconfig; name = "Pods-365KEY_swift.release.xcconfig"; path = "Pods/Target Support Files/Pods-365KEY_swift/Pods-365KEY_swift.release.xcconfig"; sourceTree = "<group>"; };
		DB4787D9ED2691CA7F518BB4 /* Pods-365KEY_swift.debug.xcconfig */ = {isa = PBXFileReference; includeInIndex = 1; lastKnownFileType = text.xcconfig; name = "Pods-365KEY_swift.debug.xcconfig"; path = "Pods/Target Support Files/Pods-365KEY_swift/Pods-365KEY_swift.debug.xcconfig"; sourceTree = "<group>"; };
/* End PBXFileReference section */

/* Begin PBXFrameworksBuildPhase section */
		1D65E2471DB8716300C39F4C /* Frameworks */ = {
			isa = PBXFrameworksBuildPhase;
			buildActionMask = 2147483647;
			files = (
				1C806066D10D881027947B14 /* Pods_365KEY_swift.framework in Frameworks */,
			);
			runOnlyForDeploymentPostprocessing = 0;
		};
/* End PBXFrameworksBuildPhase section */

/* Begin PBXGroup section */
		1D0580D71DBF49CE00D8A1DA /* tool */ = {
			isa = PBXGroup;
			children = (
				1D0580DA1DBF552800D8A1DA /* SKSessionManage.swift */,
				1D0580DC1DBF556400D8A1DA /* SKSessionManage+extension.swift */,
				1D2849C21DC6E3FB00C53E61 /* NSURLConnection+extension.swift */,
			);
			path = tool;
			sourceTree = "<group>";
		};
		1D3F29691DC871BF00C0F998 /* LoginContrller */ = {
			isa = PBXGroup;
			children = (
				1D3F296A1DC8721A00C0F998 /* SKLoginController.swift */,
				1D3F296B1DC8721A00C0F998 /* SKLoginController.xib */,
				1D3F296E1DC882E000C0F998 /* SKRegisterController.swift */,
				1D3F296F1DC882E000C0F998 /* SKRegisterController.xib */,
				1D3F29721DC8927500C0F998 /* SKForgotPasswordController.swift */,
				1D3F29731DC8927500C0F998 /* SKForgotPasswordController.xib */,
			);
			path = LoginContrller;
			sourceTree = "<group>";
		};
		1D63CF8D1DBEF39800955DDF /* Produce */ = {
			isa = PBXGroup;
			children = (
				1DEF23131DC1A5CE0063968B /* viewmodel */,
				1DEF230E1DC0A6420063968B /* model */,
				1D63CF901DBEF3CF00955DDF /* controller */,
				1D63CF921DBEF3CF00955DDF /* view */,
			);
			path = Produce;
			sourceTree = "<group>";
		};
		1D63CF901DBEF3CF00955DDF /* controller */ = {
			isa = PBXGroup;
			children = (
				1D63CF911DBEF3CF00955DDF /* SKProduceController.swift */,
			);
			path = controller;
			sourceTree = "<group>";
		};
		1D63CF921DBEF3CF00955DDF /* view */ = {
			isa = PBXGroup;
			children = (
				1D63CF941DBEF3F400955DDF /* SKProduceSearchView.swift */,
				1DEF23161DC1E8990063968B /* SKProdectCell.swift */,
				1DEF23171DC1E8990063968B /* SKProdectCell.xib */,
			);
			path = view;
			sourceTree = "<group>";
		};
		1D65E2411DB8716300C39F4C = {
			isa = PBXGroup;
			children = (
				1D65E24C1DB8716300C39F4C /* 365KEY_swift */,
				1D65E24B1DB8716300C39F4C /* Products */,
				A55398990FF64B79077E661B /* Pods */,
				F73DE949BA3DDB396CE53725 /* Frameworks */,
			);
			sourceTree = "<group>";
			usesTabs = 0;
		};
		1D65E24B1DB8716300C39F4C /* Products */ = {
			isa = PBXGroup;
			children = (
				1D65E24A1DB8716300C39F4C /* 365KEY_swift.app */,
			);
			name = Products;
			sourceTree = "<group>";
		};
		1D65E24C1DB8716300C39F4C /* 365KEY_swift */ = {
			isa = PBXGroup;
			children = (
				1DED7DDC1DB8A30B003E65E3 /* extension */,
				1DED7DC71DB8997E003E65E3 /* MainController */,
				1DED7DC61DB89968003E65E3 /* appDelegate */,
				1D0580D71DBF49CE00D8A1DA /* tool */,
				1D65E2541DB8716300C39F4C /* Assets.xcassets */,
				1D65E2561DB8716300C39F4C /* LaunchScreen.storyboard */,
				1D65E2591DB8716300C39F4C /* Info.plist */,
			);
			path = 365KEY_swift;
			sourceTree = "<group>";
		};
		1DED7DC61DB89968003E65E3 /* appDelegate */ = {
			isa = PBXGroup;
			children = (
				1DBABE341DBDF80F00745C5D /* AppDelegate.swift */,
			);
			path = appDelegate;
			sourceTree = "<group>";
		};
		1DED7DC71DB8997E003E65E3 /* MainController */ = {
			isa = PBXGroup;
			children = (
				1DED7DCE1DB89D61003E65E3 /* SKTabBarController.swift */,
				1DBABE381DBDFE5000745C5D /* SKNavigationController.swift */,
				1DED7DDF1DB8B75B003E65E3 /* NewFeature */,
				1DED7DD91DB8A046003E65E3 /* OperAppAnimation */,
				1DED7DD21DB89F54003E65E3 /* Class */,
			);
			path = MainController;
			sourceTree = "<group>";
		};
		1DED7DD21DB89F54003E65E3 /* Class */ = {
			isa = PBXGroup;
			children = (
				1D3F29691DC871BF00C0F998 /* LoginContrller */,
				1D63CF8D1DBEF39800955DDF /* Produce */,
				1DED7DD51DB89FAE003E65E3 /* SKNewsController.swift */,
				1DBABE3A1DBE00A000745C5D /* SKUserController.swift */,
			);
			path = Class;
			sourceTree = "<group>";
		};
		1DED7DD91DB8A046003E65E3 /* OperAppAnimation */ = {
			isa = PBXGroup;
			children = (
				1DED7DDA1DB8A070003E65E3 /* SKLunchImageViewController.swift */,
			);
			path = OperAppAnimation;
			sourceTree = "<group>";
		};
		1DED7DDC1DB8A30B003E65E3 /* extension */ = {
			isa = PBXGroup;
			children = (
				1DED7DDD1DB8A562003E65E3 /* UIScreen+extension.swift */,
				1DED7DE21DB8C03D003E65E3 /* UIColor+extension.swift */,
				1DED7DE41DB8C928003E65E3 /* UIView+extension.swift */,
				1DBABE361DBDFBEC00745C5D /* Bundle+extension.swift */,
				1DBABE3E1DBE0D5700745C5D /* UIBarButtonItem+extension.swift */,
				1DBABE401DBE0EA900745C5D /* UIButton+extension.swift */,
			);
			path = extension;
			sourceTree = "<group>";
		};
		1DED7DDF1DB8B75B003E65E3 /* NewFeature */ = {
			isa = PBXGroup;
			children = (
				1DED7DE01DB8B786003E65E3 /* SKNewFeatureController.swift */,
			);
			path = NewFeature;
			sourceTree = "<group>";
		};
		1DEF230E1DC0A6420063968B /* model */ = {
			isa = PBXGroup;
			children = (
				1DEF230F1DC0A6420063968B /* SKProductListModel.swift */,
				1DEF23101DC0A6420063968B /* SKProductUserModel.swift */,
			);
			path = model;
			sourceTree = "<group>";
		};
		1DEF23131DC1A5CE0063968B /* viewmodel */ = {
			isa = PBXGroup;
			children = (
				1DEF23141DC1A5E80063968B /* SKProductViewModel.swift */,
			);
			path = viewmodel;
			sourceTree = "<group>";
		};
		A55398990FF64B79077E661B /* Pods */ = {
			isa = PBXGroup;
			children = (
				DB4787D9ED2691CA7F518BB4 /* Pods-365KEY_swift.debug.xcconfig */,
				782C16053B71CC14B077BDE0 /* Pods-365KEY_swift.release.xcconfig */,
			);
			name = Pods;
			sourceTree = "<group>";
		};
		F73DE949BA3DDB396CE53725 /* Frameworks */ = {
			isa = PBXGroup;
			children = (
				1AAECD7F17064CBCF5CE8953 /* Pods_365KEY_swift.framework */,
			);
			name = Frameworks;
			sourceTree = "<group>";
		};
/* End PBXGroup section */

/* Begin PBXNativeTarget section */
		1D65E2491DB8716300C39F4C /* 365KEY_swift */ = {
			isa = PBXNativeTarget;
			buildConfigurationList = 1D65E25C1DB8716300C39F4C /* Build configuration list for PBXNativeTarget "365KEY_swift" */;
			buildPhases = (
				103A18E19AD81138ACB81107 /* [CP] Check Pods Manifest.lock */,
				1D65E2461DB8716300C39F4C /* Sources */,
				1D65E2471DB8716300C39F4C /* Frameworks */,
				1D65E2481DB8716300C39F4C /* Resources */,
				C3D18AE1AF4D5421F1118846 /* [CP] Embed Pods Frameworks */,
				FA1D7EB456E073519311F101 /* [CP] Copy Pods Resources */,
			);
			buildRules = (
			);
			dependencies = (
			);
			name = 365KEY_swift;
			productName = 365KEY_swift;
			productReference = 1D65E24A1DB8716300C39F4C /* 365KEY_swift.app */;
			productType = "com.apple.product-type.application";
		};
/* End PBXNativeTarget section */

/* Begin PBXProject section */
		1D65E2421DB8716300C39F4C /* Project object */ = {
			isa = PBXProject;
			attributes = {
				CLASSPREFIX = SK;
				LastSwiftUpdateCheck = 0800;
				LastUpgradeCheck = 0800;
				ORGANIZATIONNAME = DoNews;
				TargetAttributes = {
					1D65E2491DB8716300C39F4C = {
						CreatedOnToolsVersion = 8.0;
						DevelopmentTeam = W2A55P52D2;
						ProvisioningStyle = Automatic;
					};
				};
			};
			buildConfigurationList = 1D65E2451DB8716300C39F4C /* Build configuration list for PBXProject "365KEY_swift" */;
			compatibilityVersion = "Xcode 3.2";
			developmentRegion = English;
			hasScannedForEncodings = 0;
			knownRegions = (
				en,
				Base,
			);
			mainGroup = 1D65E2411DB8716300C39F4C;
			productRefGroup = 1D65E24B1DB8716300C39F4C /* Products */;
			projectDirPath = "";
			projectRoot = "";
			targets = (
				1D65E2491DB8716300C39F4C /* 365KEY_swift */,
			);
		};
/* End PBXProject section */

/* Begin PBXResourcesBuildPhase section */
		1D65E2481DB8716300C39F4C /* Resources */ = {
			isa = PBXResourcesBuildPhase;
			buildActionMask = 2147483647;
			files = (
				1D65E2581DB8716300C39F4C /* LaunchScreen.storyboard in Resources */,
				1D3F29751DC8927500C0F998 /* SKForgotPasswordController.xib in Resources */,
				1D3F296D1DC8721A00C0F998 /* SKLoginController.xib in Resources */,
				1D65E2551DB8716300C39F4C /* Assets.xcassets in Resources */,
				1DEF23191DC1E8990063968B /* SKProdectCell.xib in Resources */,
				1D3F29711DC882E000C0F998 /* SKRegisterController.xib in Resources */,
			);
			runOnlyForDeploymentPostprocessing = 0;
		};
/* End PBXResourcesBuildPhase section */

/* Begin PBXShellScriptBuildPhase section */
		103A18E19AD81138ACB81107 /* [CP] Check Pods Manifest.lock */ = {
			isa = PBXShellScriptBuildPhase;
			buildActionMask = 2147483647;
			files = (
			);
			inputPaths = (
			);
			name = "[CP] Check Pods Manifest.lock";
			outputPaths = (
			);
			runOnlyForDeploymentPostprocessing = 0;
			shellPath = /bin/sh;
			shellScript = "diff \"${PODS_ROOT}/../Podfile.lock\" \"${PODS_ROOT}/Manifest.lock\" > /dev/null\nif [[ $? != 0 ]] ; then\n    cat << EOM\nerror: The sandbox is not in sync with the Podfile.lock. Run 'pod install' or update your CocoaPods installation.\nEOM\n    exit 1\nfi\n";
			showEnvVarsInLog = 0;
		};
		C3D18AE1AF4D5421F1118846 /* [CP] Embed Pods Frameworks */ = {
			isa = PBXShellScriptBuildPhase;
			buildActionMask = 2147483647;
			files = (
			);
			inputPaths = (
			);
			name = "[CP] Embed Pods Frameworks";
			outputPaths = (
			);
			runOnlyForDeploymentPostprocessing = 0;
			shellPath = /bin/sh;
			shellScript = "\"${SRCROOT}/Pods/Target Support Files/Pods-365KEY_swift/Pods-365KEY_swift-frameworks.sh\"\n";
			showEnvVarsInLog = 0;
		};
		FA1D7EB456E073519311F101 /* [CP] Copy Pods Resources */ = {
			isa = PBXShellScriptBuildPhase;
			buildActionMask = 2147483647;
			files = (
			);
			inputPaths = (
			);
			name = "[CP] Copy Pods Resources";
			outputPaths = (
			);
			runOnlyForDeploymentPostprocessing = 0;
			shellPath = /bin/sh;
			shellScript = "\"${SRCROOT}/Pods/Target Support Files/Pods-365KEY_swift/Pods-365KEY_swift-resources.sh\"\n";
			showEnvVarsInLog = 0;
		};
/* End PBXShellScriptBuildPhase section */

/* Begin PBXSourcesBuildPhase section */
		1D65E2461DB8716300C39F4C /* Sources */ = {
			isa = PBXSourcesBuildPhase;
			buildActionMask = 2147483647;
			files = (
				1DBABE3F1DBE0D5700745C5D /* UIBarButtonItem+extension.swift in Sources */,
				1DEF23111DC0A6420063968B /* SKProductListModel.swift in Sources */,
				1D3F296C1DC8721A00C0F998 /* SKLoginController.swift in Sources */,
				1DEF23121DC0A6420063968B /* SKProductUserModel.swift in Sources */,
				1D3F29701DC882E000C0F998 /* SKRegisterController.swift in Sources */,
				1DBABE351DBDF80F00745C5D /* AppDelegate.swift in Sources */,
				1DBABE391DBDFE5000745C5D /* SKNavigationController.swift in Sources */,
				1DBABE3B1DBE00A000745C5D /* SKUserController.swift in Sources */,
				1DED7DDE1DB8A562003E65E3 /* UIScreen+extension.swift in Sources */,
				1DED7DDB1DB8A070003E65E3 /* SKLunchImageViewController.swift in Sources */,
				1DED7DE11DB8B786003E65E3 /* SKNewFeatureController.swift in Sources */,
				1D63CF951DBEF3F400955DDF /* SKProduceSearchView.swift in Sources */,
				1D3F29741DC8927500C0F998 /* SKForgotPasswordController.swift in Sources */,
				1DEF23151DC1A5E80063968B /* SKProductViewModel.swift in Sources */,
				1D0580DB1DBF552800D8A1DA /* SKSessionManage.swift in Sources */,
				1D0580DD1DBF556400D8A1DA /* SKSessionManage+extension.swift in Sources */,
				1DED7DCF1DB89D61003E65E3 /* SKTabBarController.swift in Sources */,
				1D2849C31DC6E3FB00C53E61 /* NSURLConnection+extension.swift in Sources */,
				1D63CF931DBEF3CF00955DDF /* SKProduceController.swift in Sources */,
				1DBABE371DBDFBEC00745C5D /* Bundle+extension.swift in Sources */,
				1DED7DE31DB8C03D003E65E3 /* UIColor+extension.swift in Sources */,
				1DED7DD61DB89FAE003E65E3 /* SKNewsController.swift in Sources */,
				1DED7DE51DB8C928003E65E3 /* UIView+extension.swift in Sources */,
				1DEF23181DC1E8990063968B /* SKProdectCell.swift in Sources */,
				1DBABE411DBE0EA900745C5D /* UIButton+extension.swift in Sources */,
			);
			runOnlyForDeploymentPostprocessing = 0;
		};
/* End PBXSourcesBuildPhase section */

/* Begin PBXVariantGroup section */
		1D65E2561DB8716300C39F4C /* LaunchScreen.storyboard */ = {
			isa = PBXVariantGroup;
			children = (
				1D65E2571DB8716300C39F4C /* Base */,
			);
			name = LaunchScreen.storyboard;
			sourceTree = "<group>";
		};
/* End PBXVariantGroup section */

/* Begin XCBuildConfiguration section */
		1D65E25A1DB8716300C39F4C /* Debug */ = {
			isa = XCBuildConfiguration;
			buildSettings = {
				ALWAYS_SEARCH_USER_PATHS = NO;
				CLANG_ANALYZER_NONNULL = YES;
				CLANG_CXX_LANGUAGE_STANDARD = "gnu++0x";
				CLANG_CXX_LIBRARY = "libc++";
				CLANG_ENABLE_MODULES = YES;
				CLANG_ENABLE_OBJC_ARC = YES;
				CLANG_WARN_BOOL_CONVERSION = YES;
				CLANG_WARN_CONSTANT_CONVERSION = YES;
				CLANG_WARN_DIRECT_OBJC_ISA_USAGE = YES_ERROR;
				CLANG_WARN_DOCUMENTATION_COMMENTS = YES;
				CLANG_WARN_EMPTY_BODY = YES;
				CLANG_WARN_ENUM_CONVERSION = YES;
				CLANG_WARN_INFINITE_RECURSION = YES;
				CLANG_WARN_INT_CONVERSION = YES;
				CLANG_WARN_OBJC_ROOT_CLASS = YES_ERROR;
				CLANG_WARN_SUSPICIOUS_MOVE = YES;
				CLANG_WARN_SUSPICIOUS_MOVES = YES;
				CLANG_WARN_UNREACHABLE_CODE = YES;
				CLANG_WARN__DUPLICATE_METHOD_MATCH = YES;
				"CODE_SIGN_IDENTITY[sdk=iphoneos*]" = "iPhone Developer";
				COPY_PHASE_STRIP = NO;
				DEBUG_INFORMATION_FORMAT = dwarf;
				ENABLE_STRICT_OBJC_MSGSEND = YES;
				ENABLE_TESTABILITY = YES;
				GCC_C_LANGUAGE_STANDARD = gnu99;
				GCC_DYNAMIC_NO_PIC = NO;
				GCC_NO_COMMON_BLOCKS = YES;
				GCC_OPTIMIZATION_LEVEL = 0;
				GCC_PREPROCESSOR_DEFINITIONS = (
					"DEBUG=1",
					"$(inherited)",
				);
				GCC_WARN_64_TO_32_BIT_CONVERSION = YES;
				GCC_WARN_ABOUT_RETURN_TYPE = YES_ERROR;
				GCC_WARN_UNDECLARED_SELECTOR = YES;
				GCC_WARN_UNINITIALIZED_AUTOS = YES_AGGRESSIVE;
				GCC_WARN_UNUSED_FUNCTION = YES;
				GCC_WARN_UNUSED_VARIABLE = YES;
				IPHONEOS_DEPLOYMENT_TARGET = 10.0;
				MTL_ENABLE_DEBUG_INFO = YES;
				ONLY_ACTIVE_ARCH = YES;
				SDKROOT = iphoneos;
				SWIFT_ACTIVE_COMPILATION_CONDITIONS = DEBUG;
				SWIFT_OPTIMIZATION_LEVEL = "-Onone";
			};
			name = Debug;
		};
		1D65E25B1DB8716300C39F4C /* Release */ = {
			isa = XCBuildConfiguration;
			buildSettings = {
				ALWAYS_SEARCH_USER_PATHS = NO;
				CLANG_ANALYZER_NONNULL = YES;
				CLANG_CXX_LANGUAGE_STANDARD = "gnu++0x";
				CLANG_CXX_LIBRARY = "libc++";
				CLANG_ENABLE_MODULES = YES;
				CLANG_ENABLE_OBJC_ARC = YES;
				CLANG_WARN_BOOL_CONVERSION = YES;
				CLANG_WARN_CONSTANT_CONVERSION = YES;
				CLANG_WARN_DIRECT_OBJC_ISA_USAGE = YES_ERROR;
				CLANG_WARN_DOCUMENTATION_COMMENTS = YES;
				CLANG_WARN_EMPTY_BODY = YES;
				CLANG_WARN_ENUM_CONVERSION = YES;
				CLANG_WARN_INFINITE_RECURSION = YES;
				CLANG_WARN_INT_CONVERSION = YES;
				CLANG_WARN_OBJC_ROOT_CLASS = YES_ERROR;
				CLANG_WARN_SUSPICIOUS_MOVE = YES;
				CLANG_WARN_SUSPICIOUS_MOVES = YES;
				CLANG_WARN_UNREACHABLE_CODE = YES;
				CLANG_WARN__DUPLICATE_METHOD_MATCH = YES;
				"CODE_SIGN_IDENTITY[sdk=iphoneos*]" = "iPhone Developer";
				COPY_PHASE_STRIP = NO;
				DEBUG_INFORMATION_FORMAT = "dwarf-with-dsym";
				ENABLE_NS_ASSERTIONS = NO;
				ENABLE_STRICT_OBJC_MSGSEND = YES;
				GCC_C_LANGUAGE_STANDARD = gnu99;
				GCC_NO_COMMON_BLOCKS = YES;
				GCC_WARN_64_TO_32_BIT_CONVERSION = YES;
				GCC_WARN_ABOUT_RETURN_TYPE = YES_ERROR;
				GCC_WARN_UNDECLARED_SELECTOR = YES;
				GCC_WARN_UNINITIALIZED_AUTOS = YES_AGGRESSIVE;
				GCC_WARN_UNUSED_FUNCTION = YES;
				GCC_WARN_UNUSED_VARIABLE = YES;
				IPHONEOS_DEPLOYMENT_TARGET = 10.0;
				MTL_ENABLE_DEBUG_INFO = NO;
				SDKROOT = iphoneos;
				SWIFT_OPTIMIZATION_LEVEL = "-Owholemodule";
				VALIDATE_PRODUCT = YES;
			};
			name = Release;
		};
		1D65E25D1DB8716300C39F4C /* Debug */ = {
			isa = XCBuildConfiguration;
			baseConfigurationReference = DB4787D9ED2691CA7F518BB4 /* Pods-365KEY_swift.debug.xcconfig */;
			buildSettings = {
				ASSETCATALOG_COMPILER_APPICON_NAME = "AppIcon-1";
				DEVELOPMENT_TEAM = W2A55P52D2;
				INFOPLIST_FILE = 365KEY_swift/Info.plist;
				IPHONEOS_DEPLOYMENT_TARGET = 8.0;
				LD_RUNPATH_SEARCH_PATHS = "$(inherited) @executable_path/Frameworks";
				PRODUCT_BUNDLE_IDENTIFIER = "DoNews.-65KEY-swift";
				PRODUCT_NAME = "$(TARGET_NAME)";
				SWIFT_VERSION = 3.0;
			};
			name = Debug;
		};
		1D65E25E1DB8716300C39F4C /* Release */ = {
			isa = XCBuildConfiguration;
			baseConfigurationReference = 782C16053B71CC14B077BDE0 /* Pods-365KEY_swift.release.xcconfig */;
			buildSettings = {
				ASSETCATALOG_COMPILER_APPICON_NAME = "AppIcon-1";
				DEVELOPMENT_TEAM = W2A55P52D2;
				INFOPLIST_FILE = 365KEY_swift/Info.plist;
				IPHONEOS_DEPLOYMENT_TARGET = 8.0;
				LD_RUNPATH_SEARCH_PATHS = "$(inherited) @executable_path/Frameworks";
				PRODUCT_BUNDLE_IDENTIFIER = "DoNews.-65KEY-swift";
				PRODUCT_NAME = "$(TARGET_NAME)";
				SWIFT_VERSION = 3.0;
			};
			name = Release;
		};
/* End XCBuildConfiguration section */

/* Begin XCConfigurationList section */
		1D65E2451DB8716300C39F4C /* Build configuration list for PBXProject "365KEY_swift" */ = {
			isa = XCConfigurationList;
			buildConfigurations = (
				1D65E25A1DB8716300C39F4C /* Debug */,
				1D65E25B1DB8716300C39F4C /* Release */,
			);
			defaultConfigurationIsVisible = 0;
			defaultConfigurationName = Release;
		};
		1D65E25C1DB8716300C39F4C /* Build configuration list for PBXNativeTarget "365KEY_swift" */ = {
			isa = XCConfigurationList;
			buildConfigurations = (
				1D65E25D1DB8716300C39F4C /* Debug */,
				1D65E25E1DB8716300C39F4C /* Release */,
			);
			defaultConfigurationIsVisible = 0;
			defaultConfigurationName = Release;
		};
/* End XCConfigurationList section */
	};
	rootObject = 1D65E2421DB8716300C39F4C /* Project object */;
}
